
Microsoft Visual Studio Solution File, Format Version 12.00
# Visual Studio Version 17
VisualStudioVersion = 17.7.34221.43
MinimumVisualStudioVersion = 10.0.40219.1
Project("{FAE04EC0-301F-11D3-BF4B-00C04F79EFBC}") = "DarkAndDarkerFavorite", "DarkAndDarkerFavorite.csproj", "{99D4DB2F-F6E2-4811-B49F-FE0B42E8BDC8}"
EndProject
Global
	GlobalSection(SolutionConfigurationPlatforms) = preSolution
		Debug|Any CPU = Debug|Any CPU
		Release|Any CPU = Release|Any CPU
	EndGlobalSection
	GlobalSection(ProjectConfigurationPlatforms) = postSolution
		{99D4DB2F-F6E2-4811-B49F-FE0B42E8BDC8}.Debug|Any CPU.ActiveCfg = Debug|Any CPU
		{99D4DB2F-F6E2-4811-B49F-FE0B42E8BDC8}.Debug|Any CPU.Build.0 = Debug|Any CPU
		{99D4DB2F-F6E2-4811-B49F-FE0B42E8BDC8}.Release|Any CPU.ActiveCfg = Release|Any CPU
		{99D4DB2F-F6E2-4811-B49F-FE0B42E8BDC8}.Release|Any CPU.Build.0 = Release|Any CPU
	EndGlobalSection
	GlobalSection(SolutionProperties) = preSolution
		HideSolutionNode = FALSE
	EndGlobalSection
	GlobalSection(ExtensibilityGlobals) = postSolution
		SolutionGuid = {460A1197-16EC-4412-8EDB-7EA7389CD7AC}
	EndGlobalSection
EndGlobal
